
Microsoft Visual Studio Solution File, Format Version 12.00
# Visual Studio 15
VisualStudioVersion = 15.0.27004.2006
MinimumVisualStudioVersion = 10.0.40219.1
Project("{FAE04EC0-301F-11D3-BF4B-00C04F79EFBC}") = "VainZero.Procon.CSharp.Library", "VainZero.Procon.CSharp.Library\VainZero.Procon.CSharp.Library.csproj", "{1AC8B26C-318B-4441-8442-9919F0ECB069}"
EndProject
Project("{2150E333-8FDC-42A3-9474-1A3956D46DE8}") = "100-Library", "100-Library", "{5556CE93-154A-421A-8576-2EBFB1EC74F5}"
EndProject
Project("{2150E333-8FDC-42A3-9474-1A3956D46DE8}") = "200-Solution", "200-Solution", "{B77994C6-C529-409C-91DC-4BEB9663F422}"
EndProject
Project("{FAE04EC0-301F-11D3-BF4B-00C04F79EFBC}") = "VainZero.Procon.CSharp.Library.Tests", "VainZero.Procon.CSharp.Library.Tests\VainZero.Procon.CSharp.Library.Tests.csproj", "{FE2161A5-47F8-4F31-915B-29D3F2D7F5AE}"
EndProject
Project("{FAE04EC0-301F-11D3-BF4B-00C04F79EFBC}") = "VainZero.Procon.CSharp.Solution", "VainZero.Procon.CSharp.Solution\VainZero.Procon.CSharp.Solution.csproj", "{5A06B05C-3660-45B9-89D1-664CAE2C0655}"
EndProject
Project("{FAE04EC0-301F-11D3-BF4B-00C04F79EFBC}") = "VainZero.Procon.CSharp.Solution.Tests", "VainZero.Procon.CSharp.Solution.Tests\VainZero.Procon.CSharp.Solution.Tests.csproj", "{3A8DD40C-7731-42F9-BA70-CF07D2DFC787}"
EndProject
Global
	GlobalSection(SolutionConfigurationPlatforms) = preSolution
		Debug|Any CPU = Debug|Any CPU
		Release|Any CPU = Release|Any CPU
	EndGlobalSection
	GlobalSection(ProjectConfigurationPlatforms) = postSolution
		{1AC8B26C-318B-4441-8442-9919F0ECB069}.Debug|Any CPU.ActiveCfg = Debug|Any CPU
		{1AC8B26C-318B-4441-8442-9919F0ECB069}.Debug|Any CPU.Build.0 = Debug|Any CPU
		{1AC8B26C-318B-4441-8442-9919F0ECB069}.Release|Any CPU.ActiveCfg = Release|Any CPU
		{1AC8B26C-318B-4441-8442-9919F0ECB069}.Release|Any CPU.Build.0 = Release|Any CPU
		{FE2161A5-47F8-4F31-915B-29D3F2D7F5AE}.Debug|Any CPU.ActiveCfg = Debug|Any CPU
		{FE2161A5-47F8-4F31-915B-29D3F2D7F5AE}.Debug|Any CPU.Build.0 = Debug|Any CPU
		{FE2161A5-47F8-4F31-915B-29D3F2D7F5AE}.Release|Any CPU.ActiveCfg = Release|Any CPU
		{FE2161A5-47F8-4F31-915B-29D3F2D7F5AE}.Release|Any CPU.Build.0 = Release|Any CPU
		{5A06B05C-3660-45B9-89D1-664CAE2C0655}.Debug|Any CPU.ActiveCfg = Debug|Any CPU
		{5A06B05C-3660-45B9-89D1-664CAE2C0655}.Debug|Any CPU.Build.0 = Debug|Any CPU
		{5A06B05C-3660-45B9-89D1-664CAE2C0655}.Release|Any CPU.ActiveCfg = Release|Any CPU
		{5A06B05C-3660-45B9-89D1-664CAE2C0655}.Release|Any CPU.Build.0 = Release|Any CPU
		{3A8DD40C-7731-42F9-BA70-CF07D2DFC787}.Debug|Any CPU.ActiveCfg = Debug|Any CPU
		{3A8DD40C-7731-42F9-BA70-CF07D2DFC787}.Debug|Any CPU.Build.0 = Debug|Any CPU
		{3A8DD40C-7731-42F9-BA70-CF07D2DFC787}.Release|Any CPU.ActiveCfg = Release|Any CPU
		{3A8DD40C-7731-42F9-BA70-CF07D2DFC787}.Release|Any CPU.Build.0 = Release|Any CPU
	EndGlobalSection
	GlobalSection(SolutionProperties) = preSolution
		HideSolutionNode = FALSE
	EndGlobalSection
	GlobalSection(NestedProjects) = preSolution
		{1AC8B26C-318B-4441-8442-9919F0ECB069} = {5556CE93-154A-421A-8576-2EBFB1EC74F5}
		{FE2161A5-47F8-4F31-915B-29D3F2D7F5AE} = {5556CE93-154A-421A-8576-2EBFB1EC74F5}
		{5A06B05C-3660-45B9-89D1-664CAE2C0655} = {B77994C6-C529-409C-91DC-4BEB9663F422}
		{3A8DD40C-7731-42F9-BA70-CF07D2DFC787} = {B77994C6-C529-409C-91DC-4BEB9663F422}
	EndGlobalSection
	GlobalSection(ExtensibilityGlobals) = postSolution
		SolutionGuid = {AFBE91ED-9265-4CE4-B595-5431297D2BE5}
	EndGlobalSection
EndGlobal
