
Microsoft Visual Studio Solution File, Format Version 12.00
# Visual Studio 15
VisualStudioVersion = 15.0.26430.12
MinimumVisualStudioVersion = 10.0.40219.1
Project("{FAE04EC0-301F-11D3-BF4B-00C04F79EFBC}") = "VainZero.Procon.CSharp", "VainZero.Procon.CSharp\VainZero.Procon.CSharp.csproj", "{721109EA-7910-4CF8-BCE4-1475D61FC98C}"
EndProject
Project("{FAE04EC0-301F-11D3-BF4B-00C04F79EFBC}") = "VainZero.Procon.CSharp.Tests", "VainZero.Procon.CSharp.Tests\VainZero.Procon.CSharp.Tests.csproj", "{03AB4993-C486-43D5-ABBE-0D6D75F4A1C3}"
EndProject
Global
	GlobalSection(SolutionConfigurationPlatforms) = preSolution
		Debug|Any CPU = Debug|Any CPU
		Release|Any CPU = Release|Any CPU
	EndGlobalSection
	GlobalSection(ProjectConfigurationPlatforms) = postSolution
		{721109EA-7910-4CF8-BCE4-1475D61FC98C}.Debug|Any CPU.ActiveCfg = Debug|Any CPU
		{721109EA-7910-4CF8-BCE4-1475D61FC98C}.Debug|Any CPU.Build.0 = Debug|Any CPU
		{721109EA-7910-4CF8-BCE4-1475D61FC98C}.Release|Any CPU.ActiveCfg = Release|Any CPU
		{721109EA-7910-4CF8-BCE4-1475D61FC98C}.Release|Any CPU.Build.0 = Release|Any CPU
		{03AB4993-C486-43D5-ABBE-0D6D75F4A1C3}.Debug|Any CPU.ActiveCfg = Debug|Any CPU
		{03AB4993-C486-43D5-ABBE-0D6D75F4A1C3}.Debug|Any CPU.Build.0 = Debug|Any CPU
		{03AB4993-C486-43D5-ABBE-0D6D75F4A1C3}.Release|Any CPU.ActiveCfg = Release|Any CPU
		{03AB4993-C486-43D5-ABBE-0D6D75F4A1C3}.Release|Any CPU.Build.0 = Release|Any CPU
	EndGlobalSection
	GlobalSection(SolutionProperties) = preSolution
		HideSolutionNode = FALSE
	EndGlobalSection
EndGlobal
